// !$*UTF8*$!
{
	archiveVersion = 1;
	classes = {
	};
	objectVersion = 46;
	objects = {

/* Begin PBXBuildFile section */
		2CF4026D30329B986D805907 /* Pods_Search_Restaurant.framework in Frameworks */ = {isa = PBXBuildFile; fileRef = A17C5615CF6FA32459C34FCE /* Pods_Search_Restaurant.framework */; };
		4C49EF741C4CA933000AC2BF /* RestaurantTableViewCell.swift in Sources */ = {isa = PBXBuildFile; fileRef = 4C49EF731C4CA933000AC2BF /* RestaurantTableViewCell.swift */; };
		4C49EF771C4CAA43000AC2BF /* Restaurant.swift in Sources */ = {isa = PBXBuildFile; fileRef = 4C49EF761C4CAA43000AC2BF /* Restaurant.swift */; };
		4C49EF791C4CAB4C000AC2BF /* RestaurantTableViewController.swift in Sources */ = {isa = PBXBuildFile; fileRef = 4C49EF781C4CAB4C000AC2BF /* RestaurantTableViewController.swift */; };
		4C49EF7A1C4CAB4C000AC2BF /* RestaurantTableViewController.swift in Sources */ = {isa = PBXBuildFile; fileRef = 4C49EF781C4CAB4C000AC2BF /* RestaurantTableViewController.swift */; };
		4C49EF7B1C4CAB4C000AC2BF /* RestaurantTableViewController.swift in Sources */ = {isa = PBXBuildFile; fileRef = 4C49EF781C4CAB4C000AC2BF /* RestaurantTableViewController.swift */; };
		4CCB02161C3A4EE300C93C28 /* AppDelegate.swift in Sources */ = {isa = PBXBuildFile; fileRef = 4CCB02151C3A4EE300C93C28 /* AppDelegate.swift */; };
		4CCB02181C3A4EE300C93C28 /* ViewController.swift in Sources */ = {isa = PBXBuildFile; fileRef = 4CCB02171C3A4EE300C93C28 /* ViewController.swift */; };
		4CCB021B1C3A4EE300C93C28 /* Main.storyboard in Resources */ = {isa = PBXBuildFile; fileRef = 4CCB02191C3A4EE300C93C28 /* Main.storyboard */; };
		4CCB021D1C3A4EE300C93C28 /* Assets.xcassets in Resources */ = {isa = PBXBuildFile; fileRef = 4CCB021C1C3A4EE300C93C28 /* Assets.xcassets */; };
		4CCB02201C3A4EE300C93C28 /* LaunchScreen.storyboard in Resources */ = {isa = PBXBuildFile; fileRef = 4CCB021E1C3A4EE300C93C28 /* LaunchScreen.storyboard */; };
		4CCB022B1C3A4EE300C93C28 /* Search_RestaurantTests.swift in Sources */ = {isa = PBXBuildFile; fileRef = 4CCB022A1C3A4EE300C93C28 /* Search_RestaurantTests.swift */; };
		4CCB02361C3A4EE300C93C28 /* Search_RestaurantUITests.swift in Sources */ = {isa = PBXBuildFile; fileRef = 4CCB02351C3A4EE300C93C28 /* Search_RestaurantUITests.swift */; };
/* End PBXBuildFile section */

/* Begin PBXContainerItemProxy section */
		4CCB02271C3A4EE300C93C28 /* PBXContainerItemProxy */ = {
			isa = PBXContainerItemProxy;
			containerPortal = 4CCB020A1C3A4EE300C93C28 /* Project object */;
			proxyType = 1;
			remoteGlobalIDString = 4CCB02111C3A4EE300C93C28;
			remoteInfo = "Search Restaurant";
		};
		4CCB02321C3A4EE300C93C28 /* PBXContainerItemProxy */ = {
			isa = PBXContainerItemProxy;
			containerPortal = 4CCB020A1C3A4EE300C93C28 /* Project object */;
			proxyType = 1;
			remoteGlobalIDString = 4CCB02111C3A4EE300C93C28;
			remoteInfo = "Search Restaurant";
		};
/* End PBXContainerItemProxy section */

/* Begin PBXFileReference section */
		118190707D84C41FA6460606 /* Pods-Search_Restaurant.debug.xcconfig */ = {isa = PBXFileReference; includeInIndex = 1; lastKnownFileType = text.xcconfig; name = "Pods-Search_Restaurant.debug.xcconfig"; path = "Pods/Target Support Files/Pods-Search_Restaurant/Pods-Search_Restaurant.debug.xcconfig"; sourceTree = "<group>"; };
		4C49EF731C4CA933000AC2BF /* RestaurantTableViewCell.swift */ = {isa = PBXFileReference; fileEncoding = 4; lastKnownFileType = sourcecode.swift; path = RestaurantTableViewCell.swift; sourceTree = "<group>"; };
		4C49EF761C4CAA43000AC2BF /* Restaurant.swift */ = {isa = PBXFileReference; fileEncoding = 4; lastKnownFileType = sourcecode.swift; path = Restaurant.swift; sourceTree = "<group>"; };
		4C49EF781C4CAB4C000AC2BF /* RestaurantTableViewController.swift */ = {isa = PBXFileReference; fileEncoding = 4; lastKnownFileType = sourcecode.swift; path = RestaurantTableViewController.swift; sourceTree = "<group>"; };
		4CCB02121C3A4EE300C93C28 /* Search_Restaurant.app */ = {isa = PBXFileReference; explicitFileType = wrapper.application; includeInIndex = 0; path = Search_Restaurant.app; sourceTree = BUILT_PRODUCTS_DIR; };
		4CCB02151C3A4EE300C93C28 /* AppDelegate.swift */ = {isa = PBXFileReference; lastKnownFileType = sourcecode.swift; path = AppDelegate.swift; sourceTree = "<group>"; };
		4CCB02171C3A4EE300C93C28 /* ViewController.swift */ = {isa = PBXFileReference; lastKnownFileType = sourcecode.swift; path = ViewController.swift; sourceTree = "<group>"; };
		4CCB021A1C3A4EE300C93C28 /* Base */ = {isa = PBXFileReference; lastKnownFileType = file.storyboard; name = Base; path = Base.lproj/Main.storyboard; sourceTree = "<group>"; };
		4CCB021C1C3A4EE300C93C28 /* Assets.xcassets */ = {isa = PBXFileReference; lastKnownFileType = folder.assetcatalog; path = Assets.xcassets; sourceTree = "<group>"; };
		4CCB021F1C3A4EE300C93C28 /* Base */ = {isa = PBXFileReference; lastKnownFileType = file.storyboard; name = Base; path = Base.lproj/LaunchScreen.storyboard; sourceTree = "<group>"; };
		4CCB02211C3A4EE300C93C28 /* Info.plist */ = {isa = PBXFileReference; lastKnownFileType = text.plist.xml; path = Info.plist; sourceTree = "<group>"; };
		4CCB02261C3A4EE300C93C28 /* Search_Restaurant.xctest */ = {isa = PBXFileReference; explicitFileType = wrapper.cfbundle; includeInIndex = 0; path = Search_Restaurant.xctest; sourceTree = BUILT_PRODUCTS_DIR; };
		4CCB022A1C3A4EE300C93C28 /* Search_RestaurantTests.swift */ = {isa = PBXFileReference; lastKnownFileType = sourcecode.swift; path = Search_RestaurantTests.swift; sourceTree = "<group>"; };
		4CCB022C1C3A4EE300C93C28 /* Info.plist */ = {isa = PBXFileReference; lastKnownFileType = text.plist.xml; path = Info.plist; sourceTree = "<group>"; };
		4CCB02311C3A4EE300C93C28 /* Search_Restaurant.xctest */ = {isa = PBXFileReference; explicitFileType = wrapper.cfbundle; includeInIndex = 0; path = Search_Restaurant.xctest; sourceTree = BUILT_PRODUCTS_DIR; };
		4CCB02351C3A4EE300C93C28 /* Search_RestaurantUITests.swift */ = {isa = PBXFileReference; lastKnownFileType = sourcecode.swift; path = Search_RestaurantUITests.swift; sourceTree = "<group>"; };
		4CCB02371C3A4EE300C93C28 /* Info.plist */ = {isa = PBXFileReference; lastKnownFileType = text.plist.xml; path = Info.plist; sourceTree = "<group>"; };
		A17C5615CF6FA32459C34FCE /* Pods_Search_Restaurant.framework */ = {isa = PBXFileReference; explicitFileType = wrapper.framework; includeInIndex = 0; path = Pods_Search_Restaurant.framework; sourceTree = BUILT_PRODUCTS_DIR; };
		C8D9A614F943328EE900D848 /* Pods-Search_Restaurant.release.xcconfig */ = {isa = PBXFileReference; includeInIndex = 1; lastKnownFileType = text.xcconfig; name = "Pods-Search_Restaurant.release.xcconfig"; path = "Pods/Target Support Files/Pods-Search_Restaurant/Pods-Search_Restaurant.release.xcconfig"; sourceTree = "<group>"; };
/* End PBXFileReference section */

/* Begin PBXFrameworksBuildPhase section */
		4CCB020F1C3A4EE300C93C28 /* Frameworks */ = {
			isa = PBXFrameworksBuildPhase;
			buildActionMask = 2147483647;
			files = (
				2CF4026D30329B986D805907 /* Pods_Search_Restaurant.framework in Frameworks */,
			);
			runOnlyForDeploymentPostprocessing = 0;
		};
		4CCB02231C3A4EE300C93C28 /* Frameworks */ = {
			isa = PBXFrameworksBuildPhase;
			buildActionMask = 2147483647;
			files = (
			);
			runOnlyForDeploymentPostprocessing = 0;
		};
		4CCB022E1C3A4EE300C93C28 /* Frameworks */ = {
			isa = PBXFrameworksBuildPhase;
			buildActionMask = 2147483647;
			files = (
			);
			runOnlyForDeploymentPostprocessing = 0;
		};
/* End PBXFrameworksBuildPhase section */

/* Begin PBXGroup section */
		09BBD2C0AF16104DF02C6FB3 /* Frameworks */ = {
			isa = PBXGroup;
			children = (
				A17C5615CF6FA32459C34FCE /* Pods_Search_Restaurant.framework */,
			);
			name = Frameworks;
			sourceTree = "<group>";
		};
		44717D9A5486D07F571359F4 /* Pods */ = {
			isa = PBXGroup;
			children = (
				118190707D84C41FA6460606 /* Pods-Search_Restaurant.debug.xcconfig */,
				C8D9A614F943328EE900D848 /* Pods-Search_Restaurant.release.xcconfig */,
			);
			name = Pods;
			sourceTree = "<group>";
		};
		4C49EF711C4CA50B000AC2BF /* viewcontrollers */ = {
			isa = PBXGroup;
			children = (
				4C49EF781C4CAB4C000AC2BF /* RestaurantTableViewController.swift */,
			);
			name = viewcontrollers;
			sourceTree = "<group>";
		};
		4C49EF721C4CA90B000AC2BF /* views */ = {
			isa = PBXGroup;
			children = (
				4C49EF731C4CA933000AC2BF /* RestaurantTableViewCell.swift */,
			);
			name = views;
			sourceTree = "<group>";
		};
		4C49EF751C4CAA2F000AC2BF /* model */ = {
			isa = PBXGroup;
			children = (
				4C49EF761C4CAA43000AC2BF /* Restaurant.swift */,
			);
			name = model;
			sourceTree = "<group>";
		};
		4CCB02091C3A4EE300C93C28 = {
			isa = PBXGroup;
			children = (
				4CCB02141C3A4EE300C93C28 /* Search Restaurant */,
				4CCB02291C3A4EE300C93C28 /* Search RestaurantTests */,
				4CCB02341C3A4EE300C93C28 /* Search RestaurantUITests */,
				4CCB02131C3A4EE300C93C28 /* Products */,
				44717D9A5486D07F571359F4 /* Pods */,
				09BBD2C0AF16104DF02C6FB3 /* Frameworks */,
			);
			sourceTree = "<group>";
		};
		4CCB02131C3A4EE300C93C28 /* Products */ = {
			isa = PBXGroup;
			children = (
				4CCB02121C3A4EE300C93C28 /* Search_Restaurant.app */,
				4CCB02261C3A4EE300C93C28 /* Search_Restaurant.xctest */,
				4CCB02311C3A4EE300C93C28 /* Search_Restaurant.xctest */,
			);
			name = Products;
			sourceTree = "<group>";
		};
		4CCB02141C3A4EE300C93C28 /* Search Restaurant */ = {
			isa = PBXGroup;
			children = (
				4C49EF751C4CAA2F000AC2BF /* model */,
				4C49EF721C4CA90B000AC2BF /* views */,
				4C49EF711C4CA50B000AC2BF /* viewcontrollers */,
				4CCB02151C3A4EE300C93C28 /* AppDelegate.swift */,
				4CCB02171C3A4EE300C93C28 /* ViewController.swift */,
				4CCB02191C3A4EE300C93C28 /* Main.storyboard */,
				4CCB021C1C3A4EE300C93C28 /* Assets.xcassets */,
				4CCB021E1C3A4EE300C93C28 /* LaunchScreen.storyboard */,
				4CCB02211C3A4EE300C93C28 /* Info.plist */,
			);
			path = "Search Restaurant";
			sourceTree = "<group>";
		};
		4CCB02291C3A4EE300C93C28 /* Search RestaurantTests */ = {
			isa = PBXGroup;
			children = (
				4CCB022A1C3A4EE300C93C28 /* Search_RestaurantTests.swift */,
				4CCB022C1C3A4EE300C93C28 /* Info.plist */,
			);
			path = "Search RestaurantTests";
			sourceTree = "<group>";
		};
		4CCB02341C3A4EE300C93C28 /* Search RestaurantUITests */ = {
			isa = PBXGroup;
			children = (
				4CCB02351C3A4EE300C93C28 /* Search_RestaurantUITests.swift */,
				4CCB02371C3A4EE300C93C28 /* Info.plist */,
			);
			path = "Search RestaurantUITests";
			sourceTree = "<group>";
		};
/* End PBXGroup section */

/* Begin PBXNativeTarget section */
		4CCB02111C3A4EE300C93C28 /* Search_Restaurant */ = {
			isa = PBXNativeTarget;
			buildConfigurationList = 4CCB023A1C3A4EE300C93C28 /* Build configuration list for PBXNativeTarget "Search_Restaurant" */;
			buildPhases = (
				86108685A56A94976BF92898 /* Check Pods Manifest.lock */,
				4CCB020E1C3A4EE300C93C28 /* Sources */,
				4CCB020F1C3A4EE300C93C28 /* Frameworks */,
				4CCB02101C3A4EE300C93C28 /* Resources */,
				15B0743876F4A6A6DE51A635 /* Embed Pods Frameworks */,
				AE5862A0F85D2373865D5A89 /* Copy Pods Resources */,
			);
			buildRules = (
			);
			dependencies = (
			);
			name = Search_Restaurant;
			productName = "Search Restaurant";
			productReference = 4CCB02121C3A4EE300C93C28 /* Search_Restaurant.app */;
			productType = "com.apple.product-type.application";
		};
		4CCB02251C3A4EE300C93C28 /* Search_RestaurantTests */ = {
			isa = PBXNativeTarget;
			buildConfigurationList = 4CCB023D1C3A4EE300C93C28 /* Build configuration list for PBXNativeTarget "Search_RestaurantTests" */;
			buildPhases = (
				4CCB02221C3A4EE300C93C28 /* Sources */,
				4CCB02231C3A4EE300C93C28 /* Frameworks */,
				4CCB02241C3A4EE300C93C28 /* Resources */,
			);
			buildRules = (
			);
			dependencies = (
				4CCB02281C3A4EE300C93C28 /* PBXTargetDependency */,
			);
			name = Search_RestaurantTests;
			productName = "Search RestaurantTests";
			productReference = 4CCB02261C3A4EE300C93C28 /* Search_Restaurant.xctest */;
			productType = "com.apple.product-type.bundle.unit-test";
		};
		4CCB02301C3A4EE300C93C28 /* Search_RestaurantUITests */ = {
			isa = PBXNativeTarget;
			buildConfigurationList = 4CCB02401C3A4EE300C93C28 /* Build configuration list for PBXNativeTarget "Search_RestaurantUITests" */;
			buildPhases = (
				4CCB022D1C3A4EE300C93C28 /* Sources */,
				4CCB022E1C3A4EE300C93C28 /* Frameworks */,
				4CCB022F1C3A4EE300C93C28 /* Resources */,
			);
			buildRules = (
			);
			dependencies = (
				4CCB02331C3A4EE300C93C28 /* PBXTargetDependency */,
			);
			name = Search_RestaurantUITests;
			productName = "Search RestaurantUITests";
			productReference = 4CCB02311C3A4EE300C93C28 /* Search_Restaurant.xctest */;
			productType = "com.apple.product-type.bundle.ui-testing";
		};
/* End PBXNativeTarget section */

/* Begin PBXProject section */
		4CCB020A1C3A4EE300C93C28 /* Project object */ = {
			isa = PBXProject;
			attributes = {
				LastSwiftUpdateCheck = 0710;
				LastUpgradeCheck = 0710;
				ORGANIZATIONNAME = NexStreamingCorp;
				TargetAttributes = {
					4CCB02111C3A4EE300C93C28 = {
						CreatedOnToolsVersion = 7.1;
						DevelopmentTeam = ZBZ6445J8B;
					};
					4CCB02251C3A4EE300C93C28 = {
						CreatedOnToolsVersion = 7.1;
						TestTargetID = 4CCB02111C3A4EE300C93C28;
					};
					4CCB02301C3A4EE300C93C28 = {
						CreatedOnToolsVersion = 7.1;
						TestTargetID = 4CCB02111C3A4EE300C93C28;
					};
				};
			};
			buildConfigurationList = 4CCB020D1C3A4EE300C93C28 /* Build configuration list for PBXProject "Search_Restaurant" */;
			compatibilityVersion = "Xcode 3.2";
			developmentRegion = English;
			hasScannedForEncodings = 0;
			knownRegions = (
				en,
				Base,
			);
			mainGroup = 4CCB02091C3A4EE300C93C28;
			productRefGroup = 4CCB02131C3A4EE300C93C28 /* Products */;
			projectDirPath = "";
			projectRoot = "";
			targets = (
				4CCB02111C3A4EE300C93C28 /* Search_Restaurant */,
				4CCB02251C3A4EE300C93C28 /* Search_RestaurantTests */,
				4CCB02301C3A4EE300C93C28 /* Search_RestaurantUITests */,
			);
		};
/* End PBXProject section */

/* Begin PBXResourcesBuildPhase section */
		4CCB02101C3A4EE300C93C28 /* Resources */ = {
			isa = PBXResourcesBuildPhase;
			buildActionMask = 2147483647;
			files = (
				4CCB02201C3A4EE300C93C28 /* LaunchScreen.storyboard in Resources */,
				4CCB021D1C3A4EE300C93C28 /* Assets.xcassets in Resources */,
				4CCB021B1C3A4EE300C93C28 /* Main.storyboard in Resources */,
			);
			runOnlyForDeploymentPostprocessing = 0;
		};
		4CCB02241C3A4EE300C93C28 /* Resources */ = {
			isa = PBXResourcesBuildPhase;
			buildActionMask = 2147483647;
			files = (
			);
			runOnlyForDeploymentPostprocessing = 0;
		};
		4CCB022F1C3A4EE300C93C28 /* Resources */ = {
			isa = PBXResourcesBuildPhase;
			buildActionMask = 2147483647;
			files = (
			);
			runOnlyForDeploymentPostprocessing = 0;
		};
/* End PBXResourcesBuildPhase section */

/* Begin PBXShellScriptBuildPhase section */
		15B0743876F4A6A6DE51A635 /* Embed Pods Frameworks */ = {
			isa = PBXShellScriptBuildPhase;
			buildActionMask = 2147483647;
			files = (
			);
			inputPaths = (
			);
			name = "Embed Pods Frameworks";
			outputPaths = (
			);
			runOnlyForDeploymentPostprocessing = 0;
			shellPath = /bin/sh;
			shellScript = "\"${SRCROOT}/Pods/Target Support Files/Pods-Search_Restaurant/Pods-Search_Restaurant-frameworks.sh\"\n";
			showEnvVarsInLog = 0;
		};
		86108685A56A94976BF92898 /* Check Pods Manifest.lock */ = {
			isa = PBXShellScriptBuildPhase;
			buildActionMask = 2147483647;
			files = (
			);
			inputPaths = (
			);
			name = "Check Pods Manifest.lock";
			outputPaths = (
			);
			runOnlyForDeploymentPostprocessing = 0;
			shellPath = /bin/sh;
			shellScript = "diff \"${PODS_ROOT}/../Podfile.lock\" \"${PODS_ROOT}/Manifest.lock\" > /dev/null\nif [[ $? != 0 ]] ; then\n    cat << EOM\nerror: The sandbox is not in sync with the Podfile.lock. Run 'pod install' or update your CocoaPods installation.\nEOM\n    exit 1\nfi\n";
			showEnvVarsInLog = 0;
		};
		AE5862A0F85D2373865D5A89 /* Copy Pods Resources */ = {
			isa = PBXShellScriptBuildPhase;
			buildActionMask = 2147483647;
			files = (
			);
			inputPaths = (
			);
			name = "Copy Pods Resources";
			outputPaths = (
			);
			runOnlyForDeploymentPostprocessing = 0;
			shellPath = /bin/sh;
			shellScript = "\"${SRCROOT}/Pods/Target Support Files/Pods-Search_Restaurant/Pods-Search_Restaurant-resources.sh\"\n";
			showEnvVarsInLog = 0;
		};
/* End PBXShellScriptBuildPhase section */

/* Begin PBXSourcesBuildPhase section */
		4CCB020E1C3A4EE300C93C28 /* Sources */ = {
			isa = PBXSourcesBuildPhase;
			buildActionMask = 2147483647;
			files = (
				4C49EF771C4CAA43000AC2BF /* Restaurant.swift in Sources */,
				4CCB02181C3A4EE300C93C28 /* ViewController.swift in Sources */,
				4C49EF791C4CAB4C000AC2BF /* RestaurantTableViewController.swift in Sources */,
				4C49EF741C4CA933000AC2BF /* RestaurantTableViewCell.swift in Sources */,
				4CCB02161C3A4EE300C93C28 /* AppDelegate.swift in Sources */,
			);
			runOnlyForDeploymentPostprocessing = 0;
		};
		4CCB02221C3A4EE300C93C28 /* Sources */ = {
			isa = PBXSourcesBuildPhase;
			buildActionMask = 2147483647;
			files = (
				4C49EF7A1C4CAB4C000AC2BF /* RestaurantTableViewController.swift in Sources */,
				4CCB022B1C3A4EE300C93C28 /* Search_RestaurantTests.swift in Sources */,
			);
			runOnlyForDeploymentPostprocessing = 0;
		};
		4CCB022D1C3A4EE300C93C28 /* Sources */ = {
			isa = PBXSourcesBuildPhase;
			buildActionMask = 2147483647;
			files = (
				4C49EF7B1C4CAB4C000AC2BF /* RestaurantTableViewController.swift in Sources */,
				4CCB02361C3A4EE300C93C28 /* Search_RestaurantUITests.swift in Sources */,
			);
			runOnlyForDeploymentPostprocessing = 0;
		};
/* End PBXSourcesBuildPhase section */

/* Begin PBXTargetDependency section */
		4CCB02281C3A4EE300C93C28 /* PBXTargetDependency */ = {
			isa = PBXTargetDependency;
			target = 4CCB02111C3A4EE300C93C28 /* Search_Restaurant */;
			targetProxy = 4CCB02271C3A4EE300C93C28 /* PBXContainerItemProxy */;
		};
		4CCB02331C3A4EE300C93C28 /* PBXTargetDependency */ = {
			isa = PBXTargetDependency;
			target = 4CCB02111C3A4EE300C93C28 /* Search_Restaurant */;
			targetProxy = 4CCB02321C3A4EE300C93C28 /* PBXContainerItemProxy */;
		};
/* End PBXTargetDependency section */

/* Begin PBXVariantGroup section */
		4CCB02191C3A4EE300C93C28 /* Main.storyboard */ = {
			isa = PBXVariantGroup;
			children = (
				4CCB021A1C3A4EE300C93C28 /* Base */,
			);
			name = Main.storyboard;
			sourceTree = "<group>";
		};
		4CCB021E1C3A4EE300C93C28 /* LaunchScreen.storyboard */ = {
			isa = PBXVariantGroup;
			children = (
				4CCB021F1C3A4EE300C93C28 /* Base */,
			);
			name = LaunchScreen.storyboard;
			sourceTree = "<group>";
		};
/* End PBXVariantGroup section */

/* Begin XCBuildConfiguration section */
		4CCB02381C3A4EE300C93C28 /* Debug */ = {
			isa = XCBuildConfiguration;
			buildSettings = {
				ALWAYS_SEARCH_USER_PATHS = NO;
				CLANG_CXX_LANGUAGE_STANDARD = "gnu++0x";
				CLANG_CXX_LIBRARY = "libc++";
				CLANG_ENABLE_MODULES = YES;
				CLANG_ENABLE_OBJC_ARC = YES;
				CLANG_WARN_BOOL_CONVERSION = YES;
				CLANG_WARN_CONSTANT_CONVERSION = YES;
				CLANG_WARN_DIRECT_OBJC_ISA_USAGE = YES_ERROR;
				CLANG_WARN_EMPTY_BODY = YES;
				CLANG_WARN_ENUM_CONVERSION = YES;
				CLANG_WARN_INT_CONVERSION = YES;
				CLANG_WARN_OBJC_ROOT_CLASS = YES_ERROR;
				CLANG_WARN_UNREACHABLE_CODE = YES;
				CLANG_WARN__DUPLICATE_METHOD_MATCH = YES;
				"CODE_SIGN_IDENTITY[sdk=iphoneos*]" = "iPhone Developer";
				COPY_PHASE_STRIP = NO;
				DEBUG_INFORMATION_FORMAT = dwarf;
				ENABLE_STRICT_OBJC_MSGSEND = YES;
				ENABLE_TESTABILITY = YES;
				GCC_C_LANGUAGE_STANDARD = gnu99;
				GCC_DYNAMIC_NO_PIC = NO;
				GCC_NO_COMMON_BLOCKS = YES;
				GCC_OPTIMIZATION_LEVEL = 0;
				GCC_PREPROCESSOR_DEFINITIONS = (
					"DEBUG=1",
					"$(inherited)",
				);
				GCC_WARN_64_TO_32_BIT_CONVERSION = YES;
				GCC_WARN_ABOUT_RETURN_TYPE = YES_ERROR;
				GCC_WARN_UNDECLARED_SELECTOR = YES;
				GCC_WARN_UNINITIALIZED_AUTOS = YES_AGGRESSIVE;
				GCC_WARN_UNUSED_FUNCTION = YES;
				GCC_WARN_UNUSED_VARIABLE = YES;
				IPHONEOS_DEPLOYMENT_TARGET = 9.1;
				MTL_ENABLE_DEBUG_INFO = YES;
				ONLY_ACTIVE_ARCH = YES;
				SDKROOT = iphoneos;
				SWIFT_OPTIMIZATION_LEVEL = "-Onone";
				TARGETED_DEVICE_FAMILY = "1,2";
			};
			name = Debug;
		};
		4CCB02391C3A4EE300C93C28 /* Release */ = {
			isa = XCBuildConfiguration;
			buildSettings = {
				ALWAYS_SEARCH_USER_PATHS = NO;
				CLANG_CXX_LANGUAGE_STANDARD = "gnu++0x";
				CLANG_CXX_LIBRARY = "libc++";
				CLANG_ENABLE_MODULES = YES;
				CLANG_ENABLE_OBJC_ARC = YES;
				CLANG_WARN_BOOL_CONVERSION = YES;
				CLANG_WARN_CONSTANT_CONVERSION = YES;
				CLANG_WARN_DIRECT_OBJC_ISA_USAGE = YES_ERROR;
				CLANG_WARN_EMPTY_BODY = YES;
				CLANG_WARN_ENUM_CONVERSION = YES;
				CLANG_WARN_INT_CONVERSION = YES;
				CLANG_WARN_OBJC_ROOT_CLASS = YES_ERROR;
				CLANG_WARN_UNREACHABLE_CODE = YES;
				CLANG_WARN__DUPLICATE_METHOD_MATCH = YES;
				"CODE_SIGN_IDENTITY[sdk=iphoneos*]" = "iPhone Developer";
				COPY_PHASE_STRIP = NO;
				DEBUG_INFORMATION_FORMAT = "dwarf-with-dsym";
				ENABLE_NS_ASSERTIONS = NO;
				ENABLE_STRICT_OBJC_MSGSEND = YES;
				GCC_C_LANGUAGE_STANDARD = gnu99;
				GCC_NO_COMMON_BLOCKS = YES;
				GCC_WARN_64_TO_32_BIT_CONVERSION = YES;
				GCC_WARN_ABOUT_RETURN_TYPE = YES_ERROR;
				GCC_WARN_UNDECLARED_SELECTOR = YES;
				GCC_WARN_UNINITIALIZED_AUTOS = YES_AGGRESSIVE;
				GCC_WARN_UNUSED_FUNCTION = YES;
				GCC_WARN_UNUSED_VARIABLE = YES;
				IPHONEOS_DEPLOYMENT_TARGET = 9.1;
				MTL_ENABLE_DEBUG_INFO = NO;
				SDKROOT = iphoneos;
				TARGETED_DEVICE_FAMILY = "1,2";
				VALIDATE_PRODUCT = YES;
			};
			name = Release;
		};
		4CCB023B1C3A4EE300C93C28 /* Debug */ = {
			isa = XCBuildConfiguration;
			baseConfigurationReference = 118190707D84C41FA6460606 /* Pods-Search_Restaurant.debug.xcconfig */;
			buildSettings = {
				ASSETCATALOG_COMPILER_APPICON_NAME = AppIcon;
				CODE_SIGN_IDENTITY = "iPhone Developer";
				"CODE_SIGN_IDENTITY[sdk=iphoneos*]" = "iPhone Developer";
				INFOPLIST_FILE = "Search Restaurant/Info.plist";
				IPHONEOS_DEPLOYMENT_TARGET = 8.1;
				LD_RUNPATH_SEARCH_PATHS = "$(inherited) @executable_path/Frameworks";
				PRODUCT_BUNDLE_IDENTIFIER = "com.nexhassan.app.Search-Restaurant";
				PRODUCT_NAME = Search_Restaurant;
				PROVISIONING_PROFILE = "";
			};
			name = Debug;
		};
		4CCB023C1C3A4EE300C93C28 /* Release */ = {
			isa = XCBuildConfiguration;
			baseConfigurationReference = C8D9A614F943328EE900D848 /* Pods-Search_Restaurant.release.xcconfig */;
			buildSettings = {
				ASSETCATALOG_COMPILER_APPICON_NAME = AppIcon;
				CODE_SIGN_IDENTITY = "iPhone Developer";
				"CODE_SIGN_IDENTITY[sdk=iphoneos*]" = "iPhone Developer";
				INFOPLIST_FILE = "Search Restaurant/Info.plist";
				IPHONEOS_DEPLOYMENT_TARGET = 8.1;
				LD_RUNPATH_SEARCH_PATHS = "$(inherited) @executable_path/Frameworks";
				PRODUCT_BUNDLE_IDENTIFIER = "com.nexhassan.app.Search-Restaurant";
				PRODUCT_NAME = Search_Restaurant;
				PROVISIONING_PROFILE = "";
			};
			name = Release;
		};
		4CCB023E1C3A4EE300C93C28 /* Debug */ = {
			isa = XCBuildConfiguration;
			buildSettings = {
				BUNDLE_LOADER = "$(TEST_HOST)";
				INFOPLIST_FILE = "Search RestaurantTests/Info.plist";
				LD_RUNPATH_SEARCH_PATHS = "$(inherited) @executable_path/Frameworks @loader_path/Frameworks";
				PRODUCT_BUNDLE_IDENTIFIER = "com.nexhassan.app.Search-RestaurantTests";
				PRODUCT_NAME = Search_Restaurant;
				TEST_HOST = "$(BUILT_PRODUCTS_DIR)/Search_Restaurant.app/Search_Restaurant";
			};
			name = Debug;
		};
		4CCB023F1C3A4EE300C93C28 /* Release */ = {
			isa = XCBuildConfiguration;
			buildSettings = {
				BUNDLE_LOADER = "$(TEST_HOST)";
				INFOPLIST_FILE = "Search RestaurantTests/Info.plist";
				LD_RUNPATH_SEARCH_PATHS = "$(inherited) @executable_path/Frameworks @loader_path/Frameworks";
				PRODUCT_BUNDLE_IDENTIFIER = "com.nexhassan.app.Search-RestaurantTests";
				PRODUCT_NAME = Search_Restaurant;
				TEST_HOST = "$(BUILT_PRODUCTS_DIR)/Search_Restaurant.app/Search_Restaurant";
			};
			name = Release;
		};
		4CCB02411C3A4EE300C93C28 /* Debug */ = {
			isa = XCBuildConfiguration;
			buildSettings = {
				INFOPLIST_FILE = "Search RestaurantUITests/Info.plist";
				LD_RUNPATH_SEARCH_PATHS = "$(inherited) @executable_path/Frameworks @loader_path/Frameworks";
				PRODUCT_BUNDLE_IDENTIFIER = "com.nexhassan.app.Search-RestaurantUITests";
				PRODUCT_NAME = Search_Restaurant;
				TEST_TARGET_NAME = "Search Restaurant";
				USES_XCTRUNNER = YES;
			};
			name = Debug;
		};
		4CCB02421C3A4EE300C93C28 /* Release */ = {
			isa = XCBuildConfiguration;
			buildSettings = {
				INFOPLIST_FILE = "Search RestaurantUITests/Info.plist";
				LD_RUNPATH_SEARCH_PATHS = "$(inherited) @executable_path/Frameworks @loader_path/Frameworks";
				PRODUCT_BUNDLE_IDENTIFIER = "com.nexhassan.app.Search-RestaurantUITests";
				PRODUCT_NAME = Search_Restaurant;
				TEST_TARGET_NAME = "Search Restaurant";
				USES_XCTRUNNER = YES;
			};
			name = Release;
		};
/* End XCBuildConfiguration section */

/* Begin XCConfigurationList section */
		4CCB020D1C3A4EE300C93C28 /* Build configuration list for PBXProject "Search_Restaurant" */ = {
			isa = XCConfigurationList;
			buildConfigurations = (
				4CCB02381C3A4EE300C93C28 /* Debug */,
				4CCB02391C3A4EE300C93C28 /* Release */,
			);
			defaultConfigurationIsVisible = 0;
			defaultConfigurationName = Release;
		};
		4CCB023A1C3A4EE300C93C28 /* Build configuration list for PBXNativeTarget "Search_Restaurant" */ = {
			isa = XCConfigurationList;
			buildConfigurations = (
				4CCB023B1C3A4EE300C93C28 /* Debug */,
				4CCB023C1C3A4EE300C93C28 /* Release */,
			);
			defaultConfigurationIsVisible = 0;
			defaultConfigurationName = Release;
		};
		4CCB023D1C3A4EE300C93C28 /* Build configuration list for PBXNativeTarget "Search_RestaurantTests" */ = {
			isa = XCConfigurationList;
			buildConfigurations = (
				4CCB023E1C3A4EE300C93C28 /* Debug */,
				4CCB023F1C3A4EE300C93C28 /* Release */,
			);
			defaultConfigurationIsVisible = 0;
			defaultConfigurationName = Release;
		};
		4CCB02401C3A4EE300C93C28 /* Build configuration list for PBXNativeTarget "Search_RestaurantUITests" */ = {
			isa = XCConfigurationList;
			buildConfigurations = (
				4CCB02411C3A4EE300C93C28 /* Debug */,
				4CCB02421C3A4EE300C93C28 /* Release */,
			);
			defaultConfigurationIsVisible = 0;
			defaultConfigurationName = Release;
		};
/* End XCConfigurationList section */
	};
	rootObject = 4CCB020A1C3A4EE300C93C28 /* Project object */;
}
